
Microsoft Visual Studio Solution File, Format Version 12.00
# Visual Studio Version 17
VisualStudioVersion = 17.8.34004.107
MinimumVisualStudioVersion = 10.0.40219.1
Project("{9A19103F-16F7-4668-BE54-9A1E7A4F7556}") = "TimeCards.Lib", "TimeCards.Lib\TimeCards.Lib.csproj", "{0954C074-E767-40AA-B610-521856F34136}"
EndProject
Project("{FAE04EC0-301F-11D3-BF4B-00C04F79EFBC}") = "TimeCards.Web", "TimeCards.Web\TimeCards.Web\TimeCards.Web.csproj", "{8DB1299E-46DD-455A-8D70-AB2A7FACDA0C}"
EndProject
Project("{FAE04EC0-301F-11D3-BF4B-00C04F79EFBC}") = "TimeCards.Web.Tests", "TimeCards.Web\TimeCards.Web.Tests\TimeCards.Web.Tests.csproj", "{78652C2C-8C2B-43F7-880E-9E6A622B1766}"
EndProject
Project("{FAE04EC0-301F-11D3-BF4B-00C04F79EFBC}") = "TimeCards.Api", "TimeCards.Api\TimeCards.Api.csproj", "{5175A2F4-52D9-4FDE-9975-A2880711D699}"
EndProject
Project("{FAE04EC0-301F-11D3-BF4B-00C04F79EFBC}") = "TimeCards.Api.Tests", "TimeCards.Api.Tests\TimeCards.Api.Tests.csproj", "{23B25136-0DA8-4538-A940-14C98B4703C1}"
EndProject
Global
	GlobalSection(SolutionConfigurationPlatforms) = preSolution
		Debug|Any CPU = Debug|Any CPU
		Release|Any CPU = Release|Any CPU
	EndGlobalSection
	GlobalSection(ProjectConfigurationPlatforms) = postSolution
		{0954C074-E767-40AA-B610-521856F34136}.Debug|Any CPU.ActiveCfg = Debug|Any CPU
		{0954C074-E767-40AA-B610-521856F34136}.Debug|Any CPU.Build.0 = Debug|Any CPU
		{0954C074-E767-40AA-B610-521856F34136}.Release|Any CPU.ActiveCfg = Release|Any CPU
		{0954C074-E767-40AA-B610-521856F34136}.Release|Any CPU.Build.0 = Release|Any CPU
		{8DB1299E-46DD-455A-8D70-AB2A7FACDA0C}.Debug|Any CPU.ActiveCfg = Debug|Any CPU
		{8DB1299E-46DD-455A-8D70-AB2A7FACDA0C}.Debug|Any CPU.Build.0 = Debug|Any CPU
		{8DB1299E-46DD-455A-8D70-AB2A7FACDA0C}.Release|Any CPU.ActiveCfg = Release|Any CPU
		{8DB1299E-46DD-455A-8D70-AB2A7FACDA0C}.Release|Any CPU.Build.0 = Release|Any CPU
		{78652C2C-8C2B-43F7-880E-9E6A622B1766}.Debug|Any CPU.ActiveCfg = Debug|Any CPU
		{78652C2C-8C2B-43F7-880E-9E6A622B1766}.Debug|Any CPU.Build.0 = Debug|Any CPU
		{78652C2C-8C2B-43F7-880E-9E6A622B1766}.Release|Any CPU.ActiveCfg = Release|Any CPU
		{78652C2C-8C2B-43F7-880E-9E6A622B1766}.Release|Any CPU.Build.0 = Release|Any CPU
		{5175A2F4-52D9-4FDE-9975-A2880711D699}.Debug|Any CPU.ActiveCfg = Debug|Any CPU
		{5175A2F4-52D9-4FDE-9975-A2880711D699}.Debug|Any CPU.Build.0 = Debug|Any CPU
		{5175A2F4-52D9-4FDE-9975-A2880711D699}.Release|Any CPU.ActiveCfg = Release|Any CPU
		{5175A2F4-52D9-4FDE-9975-A2880711D699}.Release|Any CPU.Build.0 = Release|Any CPU
		{23B25136-0DA8-4538-A940-14C98B4703C1}.Debug|Any CPU.ActiveCfg = Debug|Any CPU
		{23B25136-0DA8-4538-A940-14C98B4703C1}.Debug|Any CPU.Build.0 = Debug|Any CPU
		{23B25136-0DA8-4538-A940-14C98B4703C1}.Release|Any CPU.ActiveCfg = Release|Any CPU
		{23B25136-0DA8-4538-A940-14C98B4703C1}.Release|Any CPU.Build.0 = Release|Any CPU
	EndGlobalSection
	GlobalSection(SolutionProperties) = preSolution
		HideSolutionNode = FALSE
	EndGlobalSection
	GlobalSection(ExtensibilityGlobals) = postSolution
		SolutionGuid = {667F0A61-1E6A-47CA-9F38-940B8445A084}
	EndGlobalSection
EndGlobal
